{
  "lockfile-version": 1,
  "manifest": {
    "schema-version": "1.12.0",
    "install": {
      "go": {
        "pkg-path": "go"
      },
      "nodejs": {
        "pkg-path": "nodejs_24"
      },
      "pnpm": {
        "pkg-path": "pnpm"
      },
      "python": {
        "pkg-path": "python313"
      },
      "typescript-language-server": {
        "pkg-path": "typescript-language-server"
      },
      "uv": {
        "pkg-path": "uv"
      }
    },
    "profile": {
      "common": "  corepack enable >/dev/null 2>&1 || true\n"
    },
    "options": {}
  },
  "packages": [
    {
      "attr_path": "go",
      "broken": false,
      "derivation": "/nix/store/0j94l4ngkz3fppqd0wxqsvjwri4fny1y-go-1.26.4.drv",
      "description": "Go Programming language",
      "install_id": "go",
      "license": "BSD-3-Clause",
      "locked_url": "https://github.com/flox/nixpkgs?rev=d407951447dcd00442e97087bf374aad70c04cea",
      "name": "go-1.26.4",
      "pname": "go",
      "rev": "d407951447dcd00442e97087bf374aad70c04cea",
      "rev_count": 1027867,
      "rev_date": "2026-07-05T04:06:12Z",
      "scrape_date": "2026-07-06T03:12:56.227877Z",
      "stabilities": [
        "unstable"
      ],
      "unfree": false,
      "version": "1.26.4",
      "outputs_to_install": [
        "out",
        "out"
      ],
      "outputs": {
        "out": "/nix/store/kyai650rrywrzflnwda9mbk2c2j9w68r-go-1.26.4"
      },
      "system": "aarch64-darwin",
      "group": "toplevel",
      "priority": 5
    },
    {
      "attr_path": "go",
      "broken": false,
      "derivation": "/nix/store/a402qx3ryvfilga56w29z0izz6jgi7gi-go-1.26.4.drv",
      "description": "Go Programming language",
      "install_id": "go",
      "license": "BSD-3-Clause",
      "locked_url": "https://github.com/flox/nixpkgs?rev=d407951447dcd00442e97087bf374aad70c04cea",
      "name": "go-1.26.4",
      "pname": "go",
      "rev": "d407951447dcd00442e97087bf374aad70c04cea",
      "rev_count": 1027867,
      "rev_date": "2026-07-05T04:06:12Z",
      "scrape_date": "2026-07-06T03:41:23.896640Z",
      "stabilities": [
        "unstable"
      ],
      "unfree": false,
      "version": "1.26.4",
      "outputs_to_install": [
        "out"
      ],
      "outputs": {
        "out": "/nix/store/lgcj27hrbanbc93xm9zdrldds7b1jrw8-go-1.26.4"
      },
      "system": "aarch64-linux",
      "group": "toplevel",
      "priority": 5
    },
    {
      "attr_path": "go",
      "broken": false,
      "derivation": "/nix/store/0lvbzgq250sass3jyxxvpamk09gcnym3-go-1.26.4.drv",
      "description": "Go Programming language",
      "install_id": "go",
      "license": "BSD-3-Clause",
      "locked_url": "https://github.com/flox/nixpkgs?rev=d407951447dcd00442e97087bf374aad70c04cea",
      "name": "go-1.26.4",
      "pname": "go",
      "rev": "d407951447dcd00442e97087bf374aad70c04cea",
      "rev_count": 1027867,
      "rev_date": "2026-07-05T04:06:12Z",
      "scrape_date": "2026-07-06T04:09:01.839364Z",
      "stabilities": [
        "unstable"
      ],
      "unfree": false,
      "version": "1.26.4",
      "outputs_to_install": [
        "out"
      ],
      "outputs": {
        "out": "/nix/store/h0z6ghmi3cihlbm163d72xs9p9nn04a1-go-1.26.4"
      },
      "system": "x86_64-darwin",
      "group": "toplevel",
      "priority": 5
    },
    {
      "attr_path": "go",
      "broken": false,
      "derivation": "/nix/store/z0b6qhv17xys7hfpnxmk0vm31nc3pxdf-go-1.26.4.drv",
      "description": "Go Programming language",
      "install_id": "go",
      "license": "BSD-3-Clause",
      "locked_url": "https://github.com/flox/nixpkgs?rev=d407951447dcd00442e97087bf374aad70c04cea",
      "name": "go-1.26.4",
      "pname": "go",
      "rev": "d407951447dcd00442e97087bf374aad70c04cea",
      "rev_count": 1027867,
      "rev_date": "2026-07-05T04:06:12Z",
      "scrape_date": "2026-07-06T04:40:26.718134Z",
      "stabilities": [
        "unstable"
      ],
      "unfree": false,
      "version": "1.26.4",
      "outputs_to_install": [
        "out"
      ],
      "outputs": {
        "out": "/nix/store/gb0njhqswlc5n127ikgyikvq39r40l6f-go-1.26.4"
      },
      "system": "x86_64-linux",
      "group": "toplevel",
      "priority": 5
    },
    {
      "attr_path": "nodejs_24",
      "broken": false,
      "derivation": "/nix/store/1a0cn85p1mwixhwy16db7v2652pz7l8g-nodejs-24.16.0.drv",
      "description": "Event-driven I/O framework for the V8 JavaScript engine",
      "install_id": "nodejs",
      "license": "MIT",
      "locked_url": "https://github.com/flox/nixpkgs?rev=d407951447dcd00442e97087bf374aad70c04cea",
      "name": "nodejs-24.16.0",
      "pname": "nodejs_24",
      "rev": "d407951447dcd00442e97087bf374aad70c04cea",
      "rev_count": 1027867,
      "rev_date": "2026-07-05T04:06:12Z",
      "scrape_date": "2026-07-06T03:13:20.510831Z",
      "stabilities": [
        "unstable"
      ],
      "unfree": false,
      "version": "24.16.0",
      "outputs_to_install": [
        "out"
      ],
      "outputs": {
        "out": "/nix/store/1zm1xb652wk1kscxbcvbryq8y45b0gy5-nodejs-24.16.0"
      },
      "system": "aarch64-darwin",
      "group": "toplevel",
      "priority": 5
    },
    {
      "attr_path": "nodejs_24",
      "broken": false,
      "derivation": "/nix/store/aay2n9r5ljwfvlva807p9f0p1vpwg7mb-nodejs-24.16.0.drv",
      "description": "Event-driven I/O framework for the V8 JavaScript engine",
      "install_id": "nodejs",
      "license": "MIT",
      "locked_url": "https://github.com/flox/nixpkgs?rev=d407951447dcd00442e97087bf374aad70c04cea",
      "name": "nodejs-24.16.0",
      "pname": "nodejs_24",
      "rev": "d407951447dcd00442e97087bf374aad70c04cea",
      "rev_count": 1027867,
      "rev_date": "2026-07-05T04:06:12Z",
      "scrape_date": "2026-07-06T03:42:00.480294Z",
      "stabilities": [
        "unstable"
      ],
      "unfree": false,
      "version": "24.16.0",
      "outputs_to_install": [
        "out"
      ],
      "outputs": {
        "out": "/nix/store/60vys190zxlx4k1jz0kyvk4vydzr7qml-nodejs-24.16.0"
      },
      "system": "aarch64-linux",
      "group": "toplevel",
      "priority": 5
    },
    {
      "attr_path": "nodejs_24",
      "broken": false,
      "derivation": "/nix/store/yc1bpd21mkkawwxkq2zskmkqjmzwgv54-nodejs-24.16.0.drv",
      "description": "Event-driven I/O framework for the V8 JavaScript engine",
      "install_id": "nodejs",
      "license": "MIT",
      "locked_url": "https://github.com/flox/nixpkgs?rev=d407951447dcd00442e97087bf374aad70c04cea",
      "name": "nodejs-24.16.0",
      "pname": "nodejs_24",
      "rev": "d407951447dcd00442e97087bf374aad70c04cea",
      "rev_count": 1027867,
      "rev_date": "2026-07-05T04:06:12Z",
      "scrape_date": "2026-07-06T04:09:32.263259Z",
      "stabilities": [
        "unstable"
      ],
      "unfree": false,
      "version": "24.16.0",
      "outputs_to_install": [
        "out"
      ],
      "outputs": {
        "out": "/nix/store/v04l0kjhdvbzkzrnw6ryf43dp8v0qapv-nodejs-24.16.0"
      },
      "system": "x86_64-darwin",
      "group": "toplevel",
      "priority": 5
    },
    {
      "attr_path": "nodejs_24",
      "broken": false,
      "derivation": "/nix/store/k9jn43g1p70zs7l9vgxh57aarg2s2jkv-nodejs-24.16.0.drv",
      "description": "Event-driven I/O framework for the V8 JavaScript engine",
      "install_id": "nodejs",
      "license": "MIT",
      "locked_url": "https://github.com/flox/nixpkgs?rev=d407951447dcd00442e97087bf374aad70c04cea",
      "name": "nodejs-24.16.0",
      "pname": "nodejs_24",
      "rev": "d407951447dcd00442e97087bf374aad70c04cea",
      "rev_count": 1027867,
      "rev_date": "2026-07-05T04:06:12Z",
      "scrape_date": "2026-07-06T04:41:05.932913Z",
      "stabilities": [
        "unstable"
      ],
      "unfree": false,
      "version": "24.16.0",
      "outputs_to_install": [
        "out"
      ],
      "outputs": {
        "out": "/nix/store/zvj0hl7rhh0ccr5vkcg3ijs3xm3sgyac-nodejs-24.16.0"
      },
      "system": "x86_64-linux",
      "group": "toplevel",
      "priority": 5
    },
    {
      "attr_path": "pnpm",
      "broken": false,
      "derivation": "/nix/store/pg4zfpv2lj28srsy5hdhwgqyxx2g99wi-pnpm-11.9.0.drv",
      "description": "Fast, disk space efficient package manager for JavaScript",
      "install_id": "pnpm",
      "license": "MIT",
      "locked_url": "https://github.com/flox/nixpkgs?rev=d407951447dcd00442e97087bf374aad70c04cea",
      "name": "pnpm-11.9.0",
      "pname": "pnpm",
      "rev": "d407951447dcd00442e97087bf374aad70c04cea",
      "rev_count": 1027867,
      "rev_date": "2026-07-05T04:06:12Z",
      "scrape_date": "2026-07-06T03:13:35.120272Z",
      "stabilities": [
        "unstable"
      ],
      "unfree": false,
      "version": "11.9.0",
      "outputs_to_install": [
        "out"
      ],
      "outputs": {
        "out": "/nix/store/smxi4h44j1hj557lr4wjvdi5rdlarxw3-pnpm-11.9.0"
      },
      "system": "aarch64-darwin",
      "group": "toplevel",
      "priority": 5
    },
    {
      "attr_path": "pnpm",
      "broken": false,
      "derivation": "/nix/store/qqsvzmdcfic0hacrr89hdfm91fbcc45x-pnpm-11.9.0.drv",
      "description": "Fast, disk space efficient package manager for JavaScript",
      "install_id": "pnpm",
      "license": "MIT",
      "locked_url": "https://github.com/flox/nixpkgs?rev=d407951447dcd00442e97087bf374aad70c04cea",
      "name": "pnpm-11.9.0",
      "pname": "pnpm",
      "rev": "d407951447dcd00442e97087bf374aad70c04cea",
      "rev_count": 1027867,
      "rev_date": "2026-07-05T04:06:12Z",
      "scrape_date": "2026-07-06T03:42:20.022466Z",
      "stabilities": [
        "unstable"
      ],
      "unfree": false,
      "version": "11.9.0",
      "outputs_to_install": [
        "out"
      ],
      "outputs": {
        "out": "/nix/store/d0gyd6l4g7yi7nd7ddgliv8alcqiya20-pnpm-11.9.0"
      },
      "system": "aarch64-linux",
      "group": "toplevel",
      "priority": 5
    },
    {
      "attr_path": "pnpm",
      "broken": false,
      "derivation": "/nix/store/v9g8yn4ghl0h1fcmkalnad0p04pzv234-pnpm-11.9.0.drv",
      "description": "Fast, disk space efficient package manager for JavaScript",
      "install_id": "pnpm",
      "license": "MIT",
      "locked_url": "https://github.com/flox/nixpkgs?rev=d407951447dcd00442e97087bf374aad70c04cea",
      "name": "pnpm-11.9.0",
      "pname": "pnpm",
      "rev": "d407951447dcd00442e97087bf374aad70c04cea",
      "rev_count": 1027867,
      "rev_date": "2026-07-05T04:06:12Z",
      "scrape_date": "2026-07-06T04:09:50.442301Z",
      "stabilities": [
        "unstable"
      ],
      "unfree": false,
      "version": "11.9.0",
      "outputs_to_install": [
        "out"
      ],
      "outputs": {
        "out": "/nix/store/l5kand3q10lq1fzpj11wzvhjkxclrxix-pnpm-11.9.0"
      },
      "system": "x86_64-darwin",
      "group": "toplevel",
      "priority": 5
    },
    {
      "attr_path": "pnpm",
      "broken": false,
      "derivation": "/nix/store/jrca3py2k0fg36w9bjwrz6drng9zm2nf-pnpm-11.9.0.drv",
      "description": "Fast, disk space efficient package manager for JavaScript",
      "install_id": "pnpm",
      "license": "MIT",
      "locked_url": "https://github.com/flox/nixpkgs?rev=d407951447dcd00442e97087bf374aad70c04cea",
      "name": "pnpm-11.9.0",
      "pname": "pnpm",
      "rev": "d407951447dcd00442e97087bf374aad70c04cea",
      "rev_count": 1027867,
      "rev_date": "2026-07-05T04:06:12Z",
      "scrape_date": "2026-07-06T04:41:26.519698Z",
      "stabilities": [
        "unstable"
      ],
      "unfree": false,
      "version": "11.9.0",
      "outputs_to_install": [
        "out"
      ],
      "outputs": {
        "out": "/nix/store/gfrj5gwr59daw5qi72phra770mi0xvh1-pnpm-11.9.0"
      },
      "system": "x86_64-linux",
      "group": "toplevel",
      "priority": 5
    },
    {
      "attr_path": "python313",
      "broken": false,
      "derivation": "/nix/store/ffz1bwjdzglryqx0pn3jngal4bz66xfh-python3-3.13.13.drv",
      "description": "High-level dynamically-typed programming language",
      "install_id": "python",
      "license": "Python-2.0",
      "locked_url": "https://github.com/flox/nixpkgs?rev=d407951447dcd00442e97087bf374aad70c04cea",
      "name": "python3-3.13.13",
      "pname": "python313",
      "rev": "d407951447dcd00442e97087bf374aad70c04cea",
      "rev_count": 1027867,
      "rev_date": "2026-07-05T04:06:12Z",
      "scrape_date": "2026-07-06T03:13:37.154008Z",
      "stabilities": [
        "unstable"
      ],
      "unfree": false,
      "version": "python3-3.13.13",
      "outputs_to_install": [
        "out"
      ],
      "outputs": {
        "out": "/nix/store/mfkdmplffnbc0av8r6pknl796a6b1r2n-python3-3.13.13"
      },
      "system": "aarch64-darwin",
      "group": "toplevel",
      "priority": 5
    },
    {
      "attr_path": "python313",
      "broken": false,
      "derivation": "/nix/store/v13czlpngkramf29nnn8qa0l4svfflwm-python3-3.13.13.drv",
      "description": "High-level dynamically-typed programming language",
      "install_id": "python",
      "license": "Python-2.0",
      "locked_url": "https://github.com/flox/nixpkgs?rev=d407951447dcd00442e97087bf374aad70c04cea",
      "name": "python3-3.13.13",
      "pname": "python313",
      "rev": "d407951447dcd00442e97087bf374aad70c04cea",
      "rev_count": 1027867,
      "rev_date": "2026-07-05T04:06:12Z",
      "scrape_date": "2026-07-06T03:42:22.930603Z",
      "stabilities": [
        "unstable"
      ],
      "unfree": false,
      "version": "python3-3.13.13",
      "outputs_to_install": [
        "out",
        "out"
      ],
      "outputs": {
        "debug": "/nix/store/qfb6yj603w8qxd86j0cj7w54l1pv3rkz-python3-3.13.13-debug",
        "out": "/nix/store/smwd56pl54f0pcjdspgh5vnf20c8xwsc-python3-3.13.13"
      },
      "system": "aarch64-linux",
      "group": "toplevel",
      "priority": 5
    },
    {
      "attr_path": "python313",
      "broken": false,
      "derivation": "/nix/store/5vh9qfs54q47jybcd5zhxmap7lgk2dhg-python3-3.13.13.drv",
      "description": "High-level dynamically-typed programming language",
      "install_id": "python",
      "license": "Python-2.0",
      "locked_url": "https://github.com/flox/nixpkgs?rev=d407951447dcd00442e97087bf374aad70c04cea",
      "name": "python3-3.13.13",
      "pname": "python313",
      "rev": "d407951447dcd00442e97087bf374aad70c04cea",
      "rev_count": 1027867,
      "rev_date": "2026-07-05T04:06:12Z",
      "scrape_date": "2026-07-06T04:09:53.029554Z",
      "stabilities": [
        "unstable"
      ],
      "unfree": false,
      "version": "python3-3.13.13",
      "outputs_to_install": [
        "out"
      ],
      "outputs": {
        "out": "/nix/store/1137mc2md1ip5pdslybxl05kysjyh4rg-python3-3.13.13"
      },
      "system": "x86_64-darwin",
      "group": "toplevel",
      "priority": 5
    },
    {
      "attr_path": "python313",
      "broken": false,
      "derivation": "/nix/store/d8rrzn9gg475brqyfpdaa3w76gzwmvx4-python3-3.13.13.drv",
      "description": "High-level dynamically-typed programming language",
      "install_id": "python",
      "license": "Python-2.0",
      "locked_url": "https://github.com/flox/nixpkgs?rev=d407951447dcd00442e97087bf374aad70c04cea",
      "name": "python3-3.13.13",
      "pname": "python313",
      "rev": "d407951447dcd00442e97087bf374aad70c04cea",
      "rev_count": 1027867,
      "rev_date": "2026-07-05T04:06:12Z",
      "scrape_date": "2026-07-06T04:41:29.496160Z",
      "stabilities": [
        "unstable"
      ],
      "unfree": false,
      "version": "python3-3.13.13",
      "outputs_to_install": [
        "out",
        "out"
      ],
      "outputs": {
        "debug": "/nix/store/g2pg1an3v5pm2fmwg1g7dw77ddpqirg7-python3-3.13.13-debug",
        "out": "/nix/store/l9k0anq0z7zz81zcwy035jfwap9ga6rl-python3-3.13.13"
      },
      "system": "x86_64-linux",
      "group": "toplevel",
      "priority": 5
    },
    {
      "attr_path": "typescript-language-server",
      "broken": false,
      "derivation": "/nix/store/8785krsq4s9679n1754h1kgj1s6b9yas-typescript-language-server-5.3.0.drv",
      "description": "Language Server Protocol implementation for TypeScript using tsserver",
      "install_id": "typescript-language-server",
      "license": "[ Apache-2.0, MIT ]",
      "locked_url": "https://github.com/flox/nixpkgs?rev=d407951447dcd00442e97087bf374aad70c04cea",
      "name": "typescript-language-server-5.3.0",
      "pname": "typescript-language-server",
      "rev": "d407951447dcd00442e97087bf374aad70c04cea",
      "rev_count": 1027867,
      "rev_date": "2026-07-05T04:06:12Z",
      "scrape_date": "2026-07-06T03:15:19.013062Z",
      "stabilities": [
        "unstable"
      ],
      "unfree": false,
      "version": "5.3.0",
      "outputs_to_install": [
        "out"
      ],
      "outputs": {
        "out": "/nix/store/jpsqmh9ldvmlx4jlnpb70rcxa4g85wck-typescript-language-server-5.3.0"
      },
      "system": "aarch64-darwin",
      "group": "toplevel",
      "priority": 5
    },
    {
      "attr_path": "typescript-language-server",
      "broken": false,
      "derivation": "/nix/store/d17nqi7hza9zpzljmq390vg2kwlyw2zb-typescript-language-server-5.3.0.drv",
      "description": "Language Server Protocol implementation for TypeScript using tsserver",
      "install_id": "typescript-language-server",
      "license": "[ Apache-2.0, MIT ]",
      "locked_url": "https://github.com/flox/nixpkgs?rev=d407951447dcd00442e97087bf374aad70c04cea",
      "name": "typescript-language-server-5.3.0",
      "pname": "typescript-language-server",
      "rev": "d407951447dcd00442e97087bf374aad70c04cea",
      "rev_count": 1027867,
      "rev_date": "2026-07-05T04:06:12Z",
      "scrape_date": "2026-07-06T03:44:26.616512Z",
      "stabilities": [
        "unstable"
      ],
      "unfree": false,
      "version": "5.3.0",
      "outputs_to_install": [
        "out"
      ],
      "outputs": {
        "out": "/nix/store/ij60hvzcjq04f06k5m47dpr0hqvkngmi-typescript-language-server-5.3.0"
      },
      "system": "aarch64-linux",
      "group": "toplevel",
      "priority": 5
    },
    {
      "attr_path": "typescript-language-server",
      "broken": false,
      "derivation": "/nix/store/bqxiicarighr0va0f7jn5bag1npvlrfl-typescript-language-server-5.3.0.drv",
      "description": "Language Server Protocol implementation for TypeScript using tsserver",
      "install_id": "typescript-language-server",
      "license": "[ Apache-2.0, MIT ]",
      "locked_url": "https://github.com/flox/nixpkgs?rev=d407951447dcd00442e97087bf374aad70c04cea",
      "name": "typescript-language-server-5.3.0",
      "pname": "typescript-language-server",
      "rev": "d407951447dcd00442e97087bf374aad70c04cea",
      "rev_count": 1027867,
      "rev_date": "2026-07-05T04:06:12Z",
      "scrape_date": "2026-07-06T04:11:58.121364Z",
      "stabilities": [
        "unstable"
      ],
      "unfree": false,
      "version": "5.3.0",
      "outputs_to_install": [
        "out"
      ],
      "outputs": {
        "out": "/nix/store/6w64xys9f3hdihnh91lgq60l67jgzw8p-typescript-language-server-5.3.0"
      },
      "system": "x86_64-darwin",
      "group": "toplevel",
      "priority": 5
    },
    {
      "attr_path": "typescript-language-server",
      "broken": false,
      "derivation": "/nix/store/9rjh6a1xgv23v69jaj3n8jsy12nxin46-typescript-language-server-5.3.0.drv",
      "description": "Language Server Protocol implementation for TypeScript using tsserver",
      "install_id": "typescript-language-server",
      "license": "[ Apache-2.0, MIT ]",
      "locked_url": "https://github.com/flox/nixpkgs?rev=d407951447dcd00442e97087bf374aad70c04cea",
      "name": "typescript-language-server-5.3.0",
      "pname": "typescript-language-server",
      "rev": "d407951447dcd00442e97087bf374aad70c04cea",
      "rev_count": 1027867,
      "rev_date": "2026-07-05T04:06:12Z",
      "scrape_date": "2026-07-06T04:43:45.996319Z",
      "stabilities": [
        "unstable"
      ],
      "unfree": false,
      "version": "5.3.0",
      "outputs_to_install": [
        "out"
      ],
      "outputs": {
        "out": "/nix/store/kx8jj7rp0ix22782ln81y9m6ix92i48c-typescript-language-server-5.3.0"
      },
      "system": "x86_64-linux",
      "group": "toplevel",
      "priority": 5
    },
    {
      "attr_path": "uv",
      "broken": false,
      "derivation": "/nix/store/czrpfss0v86ch66vdk3j22qndchnzw9b-uv-0.11.25.drv",
      "description": "Extremely fast Python package installer and resolver, written in Rust",
      "install_id": "uv",
      "license": "[ Apache-2.0, MIT ]",
      "locked_url": "https://github.com/flox/nixpkgs?rev=d407951447dcd00442e97087bf374aad70c04cea",
      "name": "uv-0.11.25",
      "pname": "uv",
      "rev": "d407951447dcd00442e97087bf374aad70c04cea",
      "rev_count": 1027867,
      "rev_date": "2026-07-05T04:06:12Z",
      "scrape_date": "2026-07-06T03:15:39.158658Z",
      "stabilities": [
        "unstable"
      ],
      "unfree": false,
      "version": "0.11.25",
      "outputs_to_install": [
        "out"
      ],
      "outputs": {
        "out": "/nix/store/f0kyi2i8xrfx7i405n5qy97kr0y5b2wv-uv-0.11.25"
      },
      "system": "aarch64-darwin",
      "group": "toplevel",
      "priority": 5
    },
    {
      "attr_path": "uv",
      "broken": false,
      "derivation": "/nix/store/c4na34nqxj1n2ivgjiprkm9p1lrahfgy-uv-0.11.25.drv",
      "description": "Extremely fast Python package installer and resolver, written in Rust",
      "install_id": "uv",
      "license": "[ Apache-2.0, MIT ]",
      "locked_url": "https://github.com/flox/nixpkgs?rev=d407951447dcd00442e97087bf374aad70c04cea",
      "name": "uv-0.11.25",
      "pname": "uv",
      "rev": "d407951447dcd00442e97087bf374aad70c04cea",
      "rev_count": 1027867,
      "rev_date": "2026-07-05T04:06:12Z",
      "scrape_date": "2026-07-06T03:44:48.957401Z",
      "stabilities": [
        "unstable"
      ],
      "unfree": false,
      "version": "0.11.25",
      "outputs_to_install": [
        "out"
      ],
      "outputs": {
        "out": "/nix/store/8qd81vygrwkvp8ndg3ihj9wq3pl97hfd-uv-0.11.25"
      },
      "system": "aarch64-linux",
      "group": "toplevel",
      "priority": 5
    },
    {
      "attr_path": "uv",
      "broken": false,
      "derivation": "/nix/store/dlybxmsa3zfx8wbs9ccn0kafsq59qq6i-uv-0.11.25.drv",
      "description": "Extremely fast Python package installer and resolver, written in Rust",
      "install_id": "uv",
      "license": "[ Apache-2.0, MIT ]",
      "locked_url": "https://github.com/flox/nixpkgs?rev=d407951447dcd00442e97087bf374aad70c04cea",
      "name": "uv-0.11.25",
      "pname": "uv",
      "rev": "d407951447dcd00442e97087bf374aad70c04cea",
      "rev_count": 1027867,
      "rev_date": "2026-07-05T04:06:12Z",
      "scrape_date": "2026-07-06T04:12:23.334560Z",
      "stabilities": [
        "unstable"
      ],
      "unfree": false,
      "version": "0.11.25",
      "outputs_to_install": [
        "out"
      ],
      "outputs": {
        "out": "/nix/store/z4dcs3l0khfc2hky62bhy6v45lmysdvz-uv-0.11.25"
      },
      "system": "x86_64-darwin",
      "group": "toplevel",
      "priority": 5
    },
    {
      "attr_path": "uv",
      "broken": false,
      "derivation": "/nix/store/7qw31y4h8f29wc0f81jhm7wirnpdh8qf-uv-0.11.25.drv",
      "description": "Extremely fast Python package installer and resolver, written in Rust",
      "install_id": "uv",
      "license": "[ Apache-2.0, MIT ]",
      "locked_url": "https://github.com/flox/nixpkgs?rev=d407951447dcd00442e97087bf374aad70c04cea",
      "name": "uv-0.11.25",
      "pname": "uv",
      "rev": "d407951447dcd00442e97087bf374aad70c04cea",
      "rev_count": 1027867,
      "rev_date": "2026-07-05T04:06:12Z",
      "scrape_date": "2026-07-06T04:44:10.521793Z",
      "stabilities": [
        "unstable"
      ],
      "unfree": false,
      "version": "0.11.25",
      "outputs_to_install": [
        "out"
      ],
      "outputs": {
        "out": "/nix/store/cgvijxnmydknslkl368k4j4j43akvl8b-uv-0.11.25"
      },
      "system": "x86_64-linux",
      "group": "toplevel",
      "priority": 5
    }
  ]
}
