version = 1
revision = 3
requires-python = ">=3.14"

[[package]]
name = "medallion"
version = "0.3.1"
source = { editable = "." }
dependencies = [
    { name = "opentelemetry-api" },
    { name = "protobuf" },
]

[package.optional-dependencies]
polars = [
    { name = "polars" },
    { name = "pyarrow" },
]

[package.dev-dependencies]
dev = [
    { name = "polars" },
    { name = "pyarrow" },
]

[package.metadata]
requires-dist = [
    { name = "opentelemetry-api", specifier = ">=1.44.0,<2" },
    { name = "polars", marker = "extra == 'polars'", specifier = ">=1.20,<2" },
    { name = "protobuf", specifier = ">=7.35.1,<8" },
    { name = "pyarrow", marker = "extra == 'polars'", specifier = ">=19,<26" },
]
provides-extras = ["polars"]

[package.metadata.requires-dev]
dev = [
    { name = "polars", specifier = ">=1.20,<2" },
    { name = "pyarrow", specifier = ">=19,<26" },
]

[[package]]
name = "opentelemetry-api"
version = "1.44.0"
source = { registry = "https://pypi.org/simple" }
dependencies = [
    { name = "typing-extensions" },
]
sdist = { url = "https://files.pythonhosted.org/packages/ee/8b/aa9e2d8b8dfa7c946f7dec5d1f8f6ba8eca062f43509a06bdb5ce93d26c0/opentelemetry_api-1.44.0.tar.gz", hash = "sha256:67647e5e9566edcf421166fdf022b3537f818635daa852b289e34604dc6fb33a", size = 72406, upload-time = "2026-07-16T15:25:32.678Z" }
wheels = [
    { url = "https://files.pythonhosted.org/packages/ca/6f/a04e900f465ff3221ccc395522503e2d10e79fa21f2723c8e177aae1e0d1/opentelemetry_api-1.44.0-py3-none-any.whl", hash = "sha256:94b98c893a91b88657eaac1e3ba89618cdb85be6918196705354f34728b2cdef", size = 60018, upload-time = "2026-07-16T15:25:11.657Z" },
]

[[package]]
name = "polars"
version = "1.44.1"
source = { registry = "https://pypi.org/simple" }
dependencies = [
    { name = "polars-runtime-32" },
]
sdist = { url = "https://files.pythonhosted.org/packages/26/73/258a1fe17bb2744a507199566ed712663144fdd0811b615b59a47dfa38d2/polars-1.44.1.tar.gz", hash = "sha256:ef3c89e9ebbbe8eb343c06873f1945683f8b6f97a1bdf001c60551c6c5e3cda1", size = 765660, upload-time = "2026-08-26T07:09:12.704Z" }
wheels = [
    { url = "https://files.pythonhosted.org/packages/3a/f1/59154659081930fbde291ea6225607956b500a71b0ce45d88217b7d32da2/polars-1.44.1-py3-none-any.whl", hash = "sha256:1fa62fc1c88fba77a68b28291b5aabdd69e5f38b34e59721a064ae3169b59bb5", size = 865208, upload-time = "2026-08-26T07:07:44.646Z" },
]

[[package]]
name = "polars-runtime-32"
version = "1.44.1"
source = { registry = "https://pypi.org/simple" }
sdist = { url = "https://files.pythonhosted.org/packages/fd/b2/2a76415d047a45df05489f2334c91ff120a274cf655d4ca030c7f54a8743/polars_runtime_32-1.44.1.tar.gz", hash = "sha256:abd10a54ed1caff42228610fcba0f93251f9870bd7cffb0c78bc26f5e0718ce4", size = 3171156, upload-time = "2026-08-26T07:09:14.243Z" }
wheels = [
    { url = "https://files.pythonhosted.org/packages/f1/93/ef9344dcec16757cf21027dc907ef989197e50742cfe4407f2e87edb0a7f/polars_runtime_32-1.44.1-cp310-abi3-macosx_10_12_x86_64.whl", hash = "sha256:1dfccb2b52aa50468a7d28e3e61c8338a13fb5bffc8646e388a649f5bdc6b463", size = 53962370, upload-time = "2026-08-26T07:07:47.21Z" },
    { url = "https://files.pythonhosted.org/packages/10/da/38b32b7901af33f1fee2172ceaa39e9159825657920064298917392d78fa/polars_runtime_32-1.44.1-cp310-abi3-macosx_11_0_arm64.whl", hash = "sha256:0580807dc3eed258f0db70bb65d905dd43f0135392119ec25308033ae24258fb", size = 48620468, upload-time = "2026-08-26T07:07:50.436Z" },
    { url = "https://files.pythonhosted.org/packages/49/51/185af877d1d2236671493cf72bd3327a6046240eeea69c0696d1af2a5acb/polars_runtime_32-1.44.1-cp310-abi3-manylinux_2_17_aarch64.manylinux2014_aarch64.whl", hash = "sha256:0627f9aa82cb869725235e5188f698862fd9ada0c8c1cf65c3dc5a49a4a0ec26", size = 52455947, upload-time = "2026-08-26T07:07:53.776Z" },
    { url = "https://files.pythonhosted.org/packages/fc/0a/0858f60cb5a6f8f73ec4cdd73eccd9f748d66bfc23304c5c23fa3468094a/polars_runtime_32-1.44.1-cp310-abi3-manylinux_2_17_x86_64.manylinux2014_x86_64.whl", hash = "sha256:eea4283be8e60822d890dbda20588fe59b4172b508bd5ebf3471e531ca9f50d7", size = 58561262, upload-time = "2026-08-26T07:07:57.508Z" },
    { url = "https://files.pythonhosted.org/packages/73/08/de4774b5612d7c8739f89ac01b601486b4f057b1da35a5b876bf9276fd95/polars_runtime_32-1.44.1-cp310-abi3-musllinux_1_2_aarch64.whl", hash = "sha256:04e2c0f46e7a9906fffb1897f18f23b079b74f83c56b50060bace9e7b9b49b1a", size = 52636064, upload-time = "2026-08-26T07:08:06.337Z" },
    { url = "https://files.pythonhosted.org/packages/98/ac/769c598dd106e2a6647798da3ed25ddeee67f2d12c04f5da316cb3da6360/polars_runtime_32-1.44.1-cp310-abi3-musllinux_1_2_x86_64.whl", hash = "sha256:0956f0cae632d8fad3a04b4315bf2bb69b56d10c83c79a75c2c4c5a13b9ce5cc", size = 56447612, upload-time = "2026-08-26T07:08:12.36Z" },
    { url = "https://files.pythonhosted.org/packages/b2/ee/98408296e15388020b6183323fdbe78ccab4f72c20d8e0d7092c062d3ad2/polars_runtime_32-1.44.1-cp310-abi3-win_amd64.whl", hash = "sha256:159334184e6fbb074c9f4692221ea19970a5e2bed2a479f9d7bdb00b7f3eedb9", size = 53702970, upload-time = "2026-08-26T07:08:15.398Z" },
    { url = "https://files.pythonhosted.org/packages/e9/9d/8b17e075aac73c881a50b6c1f690d20df46db2f3bcabc99f600ecdee1290/polars_runtime_32-1.44.1-cp310-abi3-win_arm64.whl", hash = "sha256:3ba28d638d0513e0b4afbcdab5c0059a85021e5f81d62b5f793e7e23badb2cf7", size = 47281050, upload-time = "2026-08-26T07:08:18.43Z" },
]

[[package]]
name = "protobuf"
version = "7.36.0"
source = { registry = "https://pypi.org/simple" }
sdist = { url = "https://files.pythonhosted.org/packages/a7/e7/0553e21d25ca4d9f573135775348a372c3ec34a93a71d5f297c3bac38341/protobuf-7.36.0.tar.gz", hash = "sha256:e8e09cb0d794c6687926fa558a8a6e72aa10edb997d5ca61da0765f12a3e00ea", size = 510034, upload-time = "2026-08-20T16:34:01.071Z" }
wheels = [
    { url = "https://files.pythonhosted.org/packages/8f/ae/58e3ca96cb2e118cc546b677359b3c6659f79a140935c08dec94c7998585/protobuf-7.36.0-cp310-abi3-macosx_10_9_universal2.whl", hash = "sha256:9103532dffd80c6fab7e50c65a31007680a06eb57537d437bb1b35812c138a37", size = 453256, upload-time = "2026-08-20T16:33:53.945Z" },
    { url = "https://files.pythonhosted.org/packages/f0/15/5162230af4912697f0fe406f6800f80760945babcff0e2c2fe6c84ef2d5d/protobuf-7.36.0-cp310-abi3-manylinux2014_aarch64.whl", hash = "sha256:bf94a5917c71058262de683669bc0a797a7669d3de71f0b36d058e3194f47b44", size = 341436, upload-time = "2026-08-20T16:33:55.134Z" },
    { url = "https://files.pythonhosted.org/packages/d7/09/1670b2bfc9a45e807e520c3e9be36524db9ccc7dc05ea17af7681cabdc61/protobuf-7.36.0-cp310-abi3-manylinux2014_s390x.whl", hash = "sha256:3297e60abdff301e5f74393d87f6cc59dacab5f024a89548a6e8de1d26576b16", size = 354440, upload-time = "2026-08-20T16:33:56.077Z" },
    { url = "https://files.pythonhosted.org/packages/c7/f8/bd5804695ba400e423c33fd4d9f58c28d86633d5ba1945c36ff3967d98cb/protobuf-7.36.0-cp310-abi3-manylinux2014_x86_64.whl", hash = "sha256:70f5ec8eb0da81a44360c0dc0beac99a0d78071d21956a7076bae8bd2051841b", size = 340439, upload-time = "2026-08-20T16:33:56.992Z" },
    { url = "https://files.pythonhosted.org/packages/ef/9f/acd02338235a3e7d03168c4303478347b7624fc8189ff4e7f0d2654bbe86/protobuf-7.36.0-cp310-abi3-win32.whl", hash = "sha256:7326fd717bdc419162a735938d89d4032332bcc3408804012b24ff3a37086071", size = 440216, upload-time = "2026-08-20T16:33:57.99Z" },
    { url = "https://files.pythonhosted.org/packages/0e/4e/12cb93270967a2affff5b3f720694700d4d87712a67afd05c8cb3f6fa52c/protobuf-7.36.0-cp310-abi3-win_amd64.whl", hash = "sha256:1781cc1de61249b750848029bca452c0a8b7e990080316b9bbc2518b2117b488", size = 453731, upload-time = "2026-08-20T16:33:58.951Z" },
    { url = "https://files.pythonhosted.org/packages/01/c3/629999e78d46c1115c11886d51c6bd68c17ce4a944f1ea3e153a91316a33/protobuf-7.36.0-py3-none-any.whl", hash = "sha256:53374d53fc29a67f7dbbf0ade47d7526a0f0137bf0f9c90e48d8a60790ef748c", size = 177024, upload-time = "2026-08-20T16:34:00.053Z" },
]

[[package]]
name = "pyarrow"
version = "25.0.1"
source = { registry = "https://pypi.org/simple" }
sdist = { url = "https://files.pythonhosted.org/packages/3d/e3/27f57f80141379d60defe6703eb50a707325706f07fedfd1312c7a751995/pyarrow-25.0.1.tar.gz", hash = "sha256:9150a83248bfed9813ea3c3af74c3856c1984d444aa28e58bf7733b9750ddf6a", size = 1201653, upload-time = "2026-08-10T12:40:53.904Z" }
wheels = [
    { url = "https://files.pythonhosted.org/packages/36/4c/b525824ad3094076919273cd97db61fb3d78252dee76fa3b8dc8f76774aa/pyarrow-25.0.1-cp314-cp314-macosx_12_0_arm64.whl", hash = "sha256:bf0b672390cdcb640d7288f96b826d71ff4e9abb254a86c89890baf51a29cee6", size = 35885255, upload-time = "2026-08-10T12:39:32.366Z" },
    { url = "https://files.pythonhosted.org/packages/08/62/448bb0e940de41aec31d1a956e63ad9c54afdf122a103cc3ab20c2a3ce33/pyarrow-25.0.1-cp314-cp314-macosx_12_0_x86_64.whl", hash = "sha256:38a9a4b4b9613380e200641891495a56c3d5a98a092db4a870af9975e220471d", size = 37644461, upload-time = "2026-08-10T12:39:38.142Z" },
    { url = "https://files.pythonhosted.org/packages/6e/9a/13587e38bd4806fd218f50fd13b8903fab60588a699ff0c406372e5b4043/pyarrow-25.0.1-cp314-cp314-manylinux_2_28_aarch64.whl", hash = "sha256:0b726ad7e7b669be982b0c71c07fe4b037d654354130da79a7902a669e93a66b", size = 46877146, upload-time = "2026-08-10T12:39:43.722Z" },
    { url = "https://files.pythonhosted.org/packages/8d/61/1c5d1229fa21da4cff5365e41e57177aaac57c563c727f35419b8513d1c1/pyarrow-25.0.1-cp314-cp314-manylinux_2_28_x86_64.whl", hash = "sha256:9171748cdf796972d85a4b60157c279913e242992e350c90c7450182a9838b2a", size = 50131616, upload-time = "2026-08-10T12:39:49.304Z" },
    { url = "https://files.pythonhosted.org/packages/43/20/291e1d65cc0b09aa19f03cf25cf51a2f5fa94b5db315178f2d254ed5cad4/pyarrow-25.0.1-cp314-cp314-musllinux_1_2_aarch64.whl", hash = "sha256:b7a296aac7a71fa0886c08e155ddb6c636a50013f801f6178daafa0f9e726188", size = 50008879, upload-time = "2026-08-10T12:39:56.891Z" },
    { url = "https://files.pythonhosted.org/packages/8b/7c/1b7c9ec28e76576337e4f97b31141c9a181b89b6d1d6221e9d8205621a58/pyarrow-25.0.1-cp314-cp314-musllinux_1_2_x86_64.whl", hash = "sha256:0fe7c8b6c03969b49c8c66182e4a18e3819ab92d07cfab5d8370c531b9369ef0", size = 53170864, upload-time = "2026-08-10T12:40:04.918Z" },
    { url = "https://files.pythonhosted.org/packages/b7/75/f3d789dc06011a765d14d86bda799cf72ac1d715b6a6edecaa0d73d95062/pyarrow-25.0.1-cp314-cp314-win_amd64.whl", hash = "sha256:f729cfdbd36fd99d543b67a914d2de044c84ebe45be8b34902b299b608c15c8f", size = 28620729, upload-time = "2026-08-10T12:40:51.41Z" },
    { url = "https://files.pythonhosted.org/packages/fc/05/647a8ee6f7c2662feb6921315617bc04dcd6034763fb61b1199720bf6162/pyarrow-25.0.1-cp314-cp314t-macosx_12_0_arm64.whl", hash = "sha256:59a2de54c0cbd954da861eee4d1d330f8e909c45b53455baef696380f2c55033", size = 36130288, upload-time = "2026-08-10T12:40:11.014Z" },
    { url = "https://files.pythonhosted.org/packages/93/f8/c9ee997554d7bea94520667dd1933f109ac1da3ee3556d2b49381e023484/pyarrow-25.0.1-cp314-cp314t-macosx_12_0_x86_64.whl", hash = "sha256:35935cd5de130aa5cf4dea052a63e6bf2e17006c35c3a468194242b9b2bf5956", size = 37762187, upload-time = "2026-08-10T12:40:16.592Z" },
    { url = "https://files.pythonhosted.org/packages/a2/08/a28c01c7fe9e96e8233ce2d13df1d402f4f999f848f51d2daacd6bb4c036/pyarrow-25.0.1-cp314-cp314t-manylinux_2_28_aarch64.whl", hash = "sha256:f3831aaa25c67a99f99dc8b05873cb9d64560390372e2aa197ce9dd4a3f06a44", size = 46888003, upload-time = "2026-08-10T12:40:23.242Z" },
    { url = "https://files.pythonhosted.org/packages/1b/b9/58612e977d28dc58c878448866838369ee8da2f1e7cc8ed2c84b952aafee/pyarrow-25.0.1-cp314-cp314t-manylinux_2_28_x86_64.whl", hash = "sha256:6a1fdfc6659b6b19022f2e50627fb5cf7156a66c46bf4299379955cbe742382a", size = 50079036, upload-time = "2026-08-10T12:40:29.169Z" },
    { url = "https://files.pythonhosted.org/packages/72/13/66e1402dcc860e1dc2760b1e0292c9a569b62b3bccab69def1b3e907d006/pyarrow-25.0.1-cp314-cp314t-musllinux_1_2_aarch64.whl", hash = "sha256:169d3429d5be7c752125890620f75a60776d38b0035eddae939651640822332e", size = 50040226, upload-time = "2026-08-10T12:40:35.186Z" },
    { url = "https://files.pythonhosted.org/packages/78/10/3f1a5497a7ef732ab0f03ecca3e66d89d9c0f57fdc61b4794c456b781f01/pyarrow-25.0.1-cp314-cp314t-musllinux_1_2_x86_64.whl", hash = "sha256:119297a6dc197e45d9c6d4415f7814a67ffa36c180d26f68c154c58067ae782d", size = 53149035, upload-time = "2026-08-10T12:40:41.454Z" },
    { url = "https://files.pythonhosted.org/packages/93/c0/37d4a7e8e2f7a6076283673d5298018ca26478b934c6ee369e10505ab32c/pyarrow-25.0.1-cp314-cp314t-win_amd64.whl", hash = "sha256:4288f27577352d608ca08553b0865e4a9b3aa14820c5d95b53337218d609835b", size = 28753071, upload-time = "2026-08-10T12:40:46.623Z" },
]

[[package]]
name = "typing-extensions"
version = "4.16.0"
source = { registry = "https://pypi.org/simple" }
sdist = { url = "https://files.pythonhosted.org/packages/f6/cc/6253133b5bb138fc3306cebfbda2c520f545d36b5be2c7255cc528bb45d6/typing_extensions-4.16.0.tar.gz", hash = "sha256:dc983d19a509c94dba722ee6abd33940f7c05a89e243c47e907eb4db6f1a43e5", size = 113555, upload-time = "2026-07-02T08:40:05.92Z" }
wheels = [
    { url = "https://files.pythonhosted.org/packages/49/d3/b8441a820a491ddfc024b0b0cf0393375b75ea13866d9c66727e54c2fc80/typing_extensions-4.16.0-py3-none-any.whl", hash = "sha256:481caa481374e813c1b176ada14e97f1f67a4539ce9cfeb3f350d78d6370c2e8", size = 45571, upload-time = "2026-07-02T08:40:04.659Z" },
]
